
Microsoft Visual Studio Solution File, Format Version 12.00
# Visual Studio Version 17
VisualStudioVersion = 17.13.35806.99
MinimumVisualStudioVersion = 10.0.40219.1
Project("{FAE04EC0-301F-11D3-BF4B-00C04F79EFBC}") = "WebCrawler.UI", "WebCrawler.UI\WebCrawler.UI.csproj", "{7DF29076-B0E0-4A2B-A349-0BD124449681}"
EndProject
Project("{FAE04EC0-301F-11D3-BF4B-00C04F79EFBC}") = "WebCrawler.Domain", "WebCrawler.Domain\WebCrawler.Domain.csproj", "{4BA3CF59-63C3-46B3-980E-6FE30F6BB2B5}"
EndProject
Project("{FAE04EC0-301F-11D3-BF4B-00C04F79EFBC}") = "WebCrawler.Infrastructure", "WebCrawler.Infrastructure\WebCrawler.Infrastructure.csproj", "{86B72345-FDA3-475A-83A8-EBAF2C78609C}"
EndProject
Project("{FAE04EC0-301F-11D3-BF4B-00C04F79EFBC}") = "WebCrawler.Application", "WebCrawler.Application\WebCrawler.Application.csproj", "{3EAE7D99-58B2-729D-44A1-3B19EF5870E8}"
EndProject
Global
	GlobalSection(SolutionConfigurationPlatforms) = preSolution
		Debug|Any CPU = Debug|Any CPU
		Debug|x64 = Debug|x64
		Debug|x86 = Debug|x86
		Release|Any CPU = Release|Any CPU
		Release|x64 = Release|x64
		Release|x86 = Release|x86
	EndGlobalSection
	GlobalSection(ProjectConfigurationPlatforms) = postSolution
		{7DF29076-B0E0-4A2B-A349-0BD124449681}.Debug|Any CPU.ActiveCfg = Debug|Any CPU
		{7DF29076-B0E0-4A2B-A349-0BD124449681}.Debug|Any CPU.Build.0 = Debug|Any CPU
		{7DF29076-B0E0-4A2B-A349-0BD124449681}.Debug|x64.ActiveCfg = Debug|Any CPU
		{7DF29076-B0E0-4A2B-A349-0BD124449681}.Debug|x64.Build.0 = Debug|Any CPU
		{7DF29076-B0E0-4A2B-A349-0BD124449681}.Debug|x86.ActiveCfg = Debug|Any CPU
		{7DF29076-B0E0-4A2B-A349-0BD124449681}.Debug|x86.Build.0 = Debug|Any CPU
		{7DF29076-B0E0-4A2B-A349-0BD124449681}.Release|Any CPU.ActiveCfg = Release|Any CPU
		{7DF29076-B0E0-4A2B-A349-0BD124449681}.Release|Any CPU.Build.0 = Release|Any CPU
		{7DF29076-B0E0-4A2B-A349-0BD124449681}.Release|x64.ActiveCfg = Release|Any CPU
		{7DF29076-B0E0-4A2B-A349-0BD124449681}.Release|x64.Build.0 = Release|Any CPU
		{7DF29076-B0E0-4A2B-A349-0BD124449681}.Release|x86.ActiveCfg = Release|Any CPU
		{7DF29076-B0E0-4A2B-A349-0BD124449681}.Release|x86.Build.0 = Release|Any CPU
		{4BA3CF59-63C3-46B3-980E-6FE30F6BB2B5}.Debug|Any CPU.ActiveCfg = Debug|Any CPU
		{4BA3CF59-63C3-46B3-980E-6FE30F6BB2B5}.Debug|Any CPU.Build.0 = Debug|Any CPU
		{4BA3CF59-63C3-46B3-980E-6FE30F6BB2B5}.Debug|x64.ActiveCfg = Debug|Any CPU
		{4BA3CF59-63C3-46B3-980E-6FE30F6BB2B5}.Debug|x64.Build.0 = Debug|Any CPU
		{4BA3CF59-63C3-46B3-980E-6FE30F6BB2B5}.Debug|x86.ActiveCfg = Debug|Any CPU
		{4BA3CF59-63C3-46B3-980E-6FE30F6BB2B5}.Debug|x86.Build.0 = Debug|Any CPU
		{4BA3CF59-63C3-46B3-980E-6FE30F6BB2B5}.Release|Any CPU.ActiveCfg = Release|Any CPU
		{4BA3CF59-63C3-46B3-980E-6FE30F6BB2B5}.Release|Any CPU.Build.0 = Release|Any CPU
		{4BA3CF59-63C3-46B3-980E-6FE30F6BB2B5}.Release|x64.ActiveCfg = Release|Any CPU
		{4BA3CF59-63C3-46B3-980E-6FE30F6BB2B5}.Release|x64.Build.0 = Release|Any CPU
		{4BA3CF59-63C3-46B3-980E-6FE30F6BB2B5}.Release|x86.ActiveCfg = Release|Any CPU
		{4BA3CF59-63C3-46B3-980E-6FE30F6BB2B5}.Release|x86.Build.0 = Release|Any CPU
		{86B72345-FDA3-475A-83A8-EBAF2C78609C}.Debug|Any CPU.ActiveCfg = Debug|Any CPU
		{86B72345-FDA3-475A-83A8-EBAF2C78609C}.Debug|Any CPU.Build.0 = Debug|Any CPU
		{86B72345-FDA3-475A-83A8-EBAF2C78609C}.Debug|x64.ActiveCfg = Debug|Any CPU
		{86B72345-FDA3-475A-83A8-EBAF2C78609C}.Debug|x64.Build.0 = Debug|Any CPU
		{86B72345-FDA3-475A-83A8-EBAF2C78609C}.Debug|x86.ActiveCfg = Debug|Any CPU
		{86B72345-FDA3-475A-83A8-EBAF2C78609C}.Debug|x86.Build.0 = Debug|Any CPU
		{86B72345-FDA3-475A-83A8-EBAF2C78609C}.Release|Any CPU.ActiveCfg = Release|Any CPU
		{86B72345-FDA3-475A-83A8-EBAF2C78609C}.Release|Any CPU.Build.0 = Release|Any CPU
		{86B72345-FDA3-475A-83A8-EBAF2C78609C}.Release|x64.ActiveCfg = Release|Any CPU
		{86B72345-FDA3-475A-83A8-EBAF2C78609C}.Release|x64.Build.0 = Release|Any CPU
		{86B72345-FDA3-475A-83A8-EBAF2C78609C}.Release|x86.ActiveCfg = Release|Any CPU
		{86B72345-FDA3-475A-83A8-EBAF2C78609C}.Release|x86.Build.0 = Release|Any CPU
		{3EAE7D99-58B2-729D-44A1-3B19EF5870E8}.Debug|Any CPU.ActiveCfg = Debug|Any CPU
		{3EAE7D99-58B2-729D-44A1-3B19EF5870E8}.Debug|Any CPU.Build.0 = Debug|Any CPU
		{3EAE7D99-58B2-729D-44A1-3B19EF5870E8}.Debug|x64.ActiveCfg = Debug|Any CPU
		{3EAE7D99-58B2-729D-44A1-3B19EF5870E8}.Debug|x64.Build.0 = Debug|Any CPU
		{3EAE7D99-58B2-729D-44A1-3B19EF5870E8}.Debug|x86.ActiveCfg = Debug|Any CPU
		{3EAE7D99-58B2-729D-44A1-3B19EF5870E8}.Debug|x86.Build.0 = Debug|Any CPU
		{3EAE7D99-58B2-729D-44A1-3B19EF5870E8}.Release|Any CPU.ActiveCfg = Release|Any CPU
		{3EAE7D99-58B2-729D-44A1-3B19EF5870E8}.Release|Any CPU.Build.0 = Release|Any CPU
		{3EAE7D99-58B2-729D-44A1-3B19EF5870E8}.Release|x64.ActiveCfg = Release|Any CPU
		{3EAE7D99-58B2-729D-44A1-3B19EF5870E8}.Release|x64.Build.0 = Release|Any CPU
		{3EAE7D99-58B2-729D-44A1-3B19EF5870E8}.Release|x86.ActiveCfg = Release|Any CPU
		{3EAE7D99-58B2-729D-44A1-3B19EF5870E8}.Release|x86.Build.0 = Release|Any CPU
	EndGlobalSection
	GlobalSection(SolutionProperties) = preSolution
		HideSolutionNode = FALSE
	EndGlobalSection
	GlobalSection(ExtensibilityGlobals) = postSolution
		SolutionGuid = {967CF860-A2A0-4352-AEF6-C13F1FD5D023}
	EndGlobalSection
EndGlobal
